# Generated by conda-lock.
# platform: win-64
# input_hash: dc926a463f60da121a7e52e4e4426e63462b15787858c2f4a895ed654992bf20
@EXPLICIT
https://conda.anaconda.org/conda-forge/win-64/ca-certificates-2022.12.7-h5b45459_0.conda#31de4d9887dc8eaed9e6230a5dfbb9d6
https://conda.anaconda.org/conda-forge/win-64/msys2-conda-epoch-20160418-1.tar.bz2#b0309b72560df66f71a9d5e34a5efdfa
https://conda.anaconda.org/conda-forge/win-64/python_abi-3.10-3_cp310.conda#f4cfd883c0d91bb17164d8e34f4900d5
https://conda.anaconda.org/conda-forge/noarch/tzdata-2023c-h71feb2d_0.conda#939e3e74d8be4dac89ce83b20de2492a
https://conda.anaconda.org/conda-forge/win-64/ucrt-10.0.22621.0-h57928b3_0.tar.bz2#72608f6cd3e5898229c3ea16deb1ac43
https://conda.anaconda.org/conda-forge/win-64/m2w64-gmp-6.1.0-2.tar.bz2#53a1c73e1e3d185516d7e3af177596d9
https://conda.anaconda.org/conda-forge/win-64/m2w64-libwinpthread-git-5.0.0.4634.697f757-2.tar.bz2#774130a326dee16f1ceb05cc687ee4f0
https://conda.anaconda.org/conda-forge/win-64/vs2015_runtime-14.34.31931-h4c5c07a_10.conda#25640086ba777e79e5d233d079d7c5fc
https://conda.anaconda.org/conda-forge/win-64/m2w64-gcc-libs-core-5.3.0-7.tar.bz2#4289d80fb4d272f1f3b56cfe87ac90bd
https://conda.anaconda.org/conda-forge/win-64/vc-14.3-hb6edc58_10.conda#52d246d8d14b83c516229be5bb03a163
https://conda.anaconda.org/conda-forge/win-64/bzip2-1.0.8-h8ffe710_4.tar.bz2#7c03c66026944073040cb19a4f3ec3c9
https://conda.anaconda.org/conda-forge/win-64/jpeg-9e-hcfcfb64_3.conda#824f1e030d224e9e376a4655032fdbc7
https://conda.anaconda.org/conda-forge/win-64/lerc-4.0.0-h63175ca_0.tar.bz2#1900cb3cab5055833cfddb0ba233b074
https://conda.anaconda.org/conda-forge/win-64/libdeflate-1.14-hcfcfb64_0.tar.bz2#4366e00d3270eb229c026920474a6dda
https://conda.anaconda.org/conda-forge/win-64/libffi-3.4.2-h8ffe710_5.tar.bz2#2c96d1b6915b408893f9472569dee135
https://conda.anaconda.org/conda-forge/win-64/libiconv-1.17-h8ffe710_0.tar.bz2#050119977a86e4856f0416e2edcf81bb
https://conda.anaconda.org/conda-forge/win-64/libjpeg-turbo-2.1.5.1-hcfcfb64_0.conda#f2fad2ae9f1365e343e4329fdb1e9d63
https://conda.anaconda.org/conda-forge/win-64/libsqlite-3.40.0-hcfcfb64_0.tar.bz2#5e5a97795de72f8cc3baf3d9ea6327a2
https://conda.anaconda.org/conda-forge/win-64/libwebp-base-1.3.0-hcfcfb64_0.conda#381a3645c51cbf478872899b16490318
https://conda.anaconda.org/conda-forge/win-64/libzlib-1.2.13-hcfcfb64_4.tar.bz2#0cc5c5cc64ee1637f37f8540a175854c
https://conda.anaconda.org/conda-forge/win-64/lz4-c-1.9.4-hcfcfb64_0.conda#e34720eb20a33fc3bfb8451dd837ab7a
https://conda.anaconda.org/conda-forge/win-64/lzo-2.10-he774522_1000.tar.bz2#d5cf4b7eaa52316f135eed9e8548ad57
https://conda.anaconda.org/conda-forge/win-64/m2w64-gcc-libgfortran-5.3.0-6.tar.bz2#066552ac6b907ec6d72c0ddab29050dc
https://conda.anaconda.org/conda-forge/win-64/openssl-3.1.0-hcfcfb64_0.conda#4245a25fae1aaf85bc3fbf6fc29c2d5d
https://conda.anaconda.org/conda-forge/win-64/tk-8.6.12-h8ffe710_0.tar.bz2#c69a5047cc9291ae40afd4a1ad6f0c0f
https://conda.anaconda.org/conda-forge/win-64/xz-5.2.6-h8d14728_0.tar.bz2#515d77642eaa3639413c6b1bc3f94219
https://conda.anaconda.org/conda-forge/win-64/yaml-0.2.5-h8ffe710_2.tar.bz2#adbfb9f45d1004a26763652246a33764
https://conda.anaconda.org/conda-forge/win-64/libpng-1.6.39-h19919ed_0.conda#ab6febdb2dbd9c00803609079db4de71
https://conda.anaconda.org/conda-forge/win-64/libwebp-1.3.0-hcfcfb64_0.conda#0c1f2c4b45406631c600ec22ca9523fc
https://conda.anaconda.org/conda-forge/win-64/libxml2-2.10.3-hc3477c8_6.conda#a56f8a52bc13d7eee23457f0e253e055
https://conda.anaconda.org/conda-forge/win-64/m2w64-gcc-libs-5.3.0-7.tar.bz2#fe759119b8b3bfa720b8762c6fdc35de
https://conda.anaconda.org/conda-forge/win-64/python-3.10.10-h4de0772_0_cpython.conda#3f6ad634efe9e6fe40a916eb68cc3ee4
https://conda.anaconda.org/conda-forge/win-64/zlib-1.2.13-hcfcfb64_4.tar.bz2#eed9fec3e6d2e8865135b09d24ca040c
https://conda.anaconda.org/conda-forge/win-64/zstd-1.5.2-h12be248_6.conda#62826565682d013b3e2346aaf7bded0e
https://conda.anaconda.org/conda-forge/noarch/appdirs-1.4.4-pyh9f0ad1d_0.tar.bz2#5f095bc6454094e96f146491fd03633b
https://conda.anaconda.org/conda-forge/noarch/cachy-0.3.0-pyhd8ed1ab_1.tar.bz2#5dfee17f24e2dfd18d7392b48c9351e2
https://conda.anaconda.org/conda-forge/noarch/certifi-2022.12.7-pyhd8ed1ab_0.conda#fb9addc3db06e56abe03e0e9f21a63e6
https://conda.anaconda.org/conda-forge/noarch/charset-normalizer-3.1.0-pyhd8ed1ab_0.conda#7fcff9f6f123696e940bda77bd4d6551
https://conda.anaconda.org/conda-forge/noarch/colorama-0.4.6-pyhd8ed1ab_0.tar.bz2#3faab06a954c2a04039983f2c4a50d99
https://conda.anaconda.org/conda-forge/noarch/crashtest-0.4.1-pyhd8ed1ab_0.tar.bz2#709a2295dd907bb34afb57d54320642f
https://conda.anaconda.org/conda-forge/noarch/distlib-0.3.6-pyhd8ed1ab_0.tar.bz2#b65b4d50dbd2d50fa0aeac367ec9eed7
https://conda.anaconda.org/conda-forge/noarch/filelock-3.10.7-pyhd8ed1ab_0.conda#6a0601f92717ce555d79d83d693b6fa3
https://conda.anaconda.org/conda-forge/win-64/freetype-2.12.1-h546665d_1.conda#1b513009cd012591f3fdc9e03a74ec0a
https://conda.anaconda.org/conda-forge/noarch/future-0.18.3-pyhd8ed1ab_0.conda#fec8329fc739090f26a7d7803db254f1
https://conda.anaconda.org/conda-forge/noarch/idna-3.4-pyhd8ed1ab_0.tar.bz2#34272b248891bddccc64479f9a7fffed
https://conda.anaconda.org/conda-forge/win-64/libarchive-3.6.2-h27c7867_0.conda#6e1fc6cfaa26186dd5abd5df8d732193
https://conda.anaconda.org/conda-forge/win-64/libtiff-4.4.0-hc4f729c_5.conda#fe00c2f95c1215e355c34094b00480d7
https://conda.anaconda.org/conda-forge/noarch/lockfile-0.12.2-py_1.tar.bz2#c104d98e09c47519950cffb8dd5b4f10
https://conda.anaconda.org/conda-forge/win-64/markupsafe-2.1.2-py310h8d17308_0.conda#d75d2a8a37db95ba86660bf57969b7e2
https://conda.anaconda.org/conda-forge/noarch/more-itertools-9.1.0-pyhd8ed1ab_0.conda#1698a717f83cfecf644a877c174c84bd
https://conda.anaconda.org/conda-forge/win-64/msgpack-python-1.0.5-py310h232114e_0.conda#03f6096e23f3861934af853ac987c185
https://conda.anaconda.org/conda-forge/noarch/packaging-23.0-pyhd8ed1ab_0.conda#1ff2e3ca41f0ce16afec7190db28288b
https://conda.anaconda.org/conda-forge/noarch/pastel-0.2.1-pyhd8ed1ab_0.tar.bz2#a4eea5bff523f26442405bc5d1f52adb
https://conda.anaconda.org/conda-forge/noarch/pkginfo-1.9.6-pyhd8ed1ab_0.conda#be1e9f1c65a1ed0f2ae9352fec99db64
https://conda.anaconda.org/conda-forge/win-64/pthread-stubs-0.4-hcd874cb_1001.tar.bz2#a1f820480193ea83582b13249a7e7bd9
https://conda.anaconda.org/conda-forge/noarch/pycparser-2.21-pyhd8ed1ab_0.tar.bz2#076becd9e05608f8dc72757d5f3a91ff
https://conda.anaconda.org/conda-forge/noarch/pyinstaller-hooks-contrib-2023.1-pyhd8ed1ab_0.conda#3056c61a0a7e9a390bfcdef4b8b2d679
https://conda.anaconda.org/conda-forge/noarch/pylev-1.4.0-pyhd8ed1ab_0.tar.bz2#edf8651c4379d9d1495ad6229622d150
https://conda.anaconda.org/conda-forge/noarch/pyperclip-1.8.2-pyhd8ed1ab_2.tar.bz2#8d7c6507e902193f9b1e9612f0210a4b
https://conda.anaconda.org/conda-forge/win-64/pywin32-304-py310h00ffb61_2.tar.bz2#e1401844b4f4ec959e099452a953e764
https://conda.anaconda.org/conda-forge/win-64/pywin32-ctypes-0.2.0-py310h5588dad_1006.tar.bz2#8fa9c1b03d838a262be611ca23003ebd
https://conda.anaconda.org/conda-forge/win-64/pyyaml-6.0-py310h8d17308_5.tar.bz2#d0daf3eed98dd2bf4337ed08d8011eb8
https://conda.anaconda.org/conda-forge/win-64/ruamel.yaml.clib-0.2.7-py310h8d17308_1.conda#e7cee92d4b0e9f8a68823d2501a87063
https://conda.anaconda.org/conda-forge/noarch/setuptools-67.6.1-pyhd8ed1ab_0.conda#6c443cccff3daa3d83b2b807b0a298ce
https://conda.anaconda.org/conda-forge/noarch/six-1.16.0-pyh6c4a22f_0.tar.bz2#e5f25f8dbc060e9a8d912e432202afc2
https://conda.anaconda.org/conda-forge/noarch/tomli-2.0.1-pyhd8ed1ab_0.tar.bz2#5844808ffab9ebdb694585b50ba02a96
https://conda.anaconda.org/conda-forge/noarch/toolz-0.12.0-pyhd8ed1ab_0.tar.bz2#92facfec94bc02d6ccf42e7173831a36
https://conda.anaconda.org/conda-forge/noarch/typing-3.10.0.0-pyhd8ed1ab_0.tar.bz2#e6573ac68718f17b9d4f5c8eda3190f2
https://conda.anaconda.org/conda-forge/noarch/typing_extensions-4.5.0-pyha770c72_0.conda#43e7d9e50261fb11deb76e17d8431aac
https://conda.anaconda.org/conda-forge/noarch/webencodings-0.5.1-py_1.tar.bz2#3563be4c5611a44210d9ba0c16113136
https://conda.anaconda.org/conda-forge/noarch/wheel-0.40.0-pyhd8ed1ab_0.conda#49bb0d9e60ce1db25e151780331bb5f3
https://conda.anaconda.org/conda-forge/noarch/win_inet_pton-1.1.0-pyhd8ed1ab_6.tar.bz2#30878ecc4bd36e8deeea1e3c151b2e0b
https://conda.anaconda.org/conda-forge/win-64/xorg-libxau-1.0.9-hcd874cb_0.tar.bz2#9cef622e75683c17d05ae62d66e69e6c
https://conda.anaconda.org/conda-forge/win-64/xorg-libxdmcp-1.1.3-hcd874cb_0.tar.bz2#46878ebb6b9cbd8afcf8088d7ef00ece
https://conda.anaconda.org/conda-forge/noarch/zipp-3.15.0-pyhd8ed1ab_0.conda#13018819ca8f5b7cc675a8faf1f5fedf
https://conda.anaconda.org/conda-forge/noarch/altgraph-0.17.3-pyhd8ed1ab_0.conda#8465d9fb8181113deb54935b7a1b0fe0
https://conda.anaconda.org/conda-forge/win-64/cffi-1.15.1-py310h628cb3f_3.conda#b7ca236d34501eb6a70691c1e29a0234
https://conda.anaconda.org/conda-forge/noarch/click-8.1.3-win_pyhd8ed1ab_2.tar.bz2#6b58680207b526c42dcff68b543803dd
https://conda.anaconda.org/conda-forge/noarch/clikit-0.6.2-pyhd8ed1ab_2.conda#02abb7b66b02e8b9f5a9b05454400087
https://conda.anaconda.org/conda-forge/noarch/html5lib-1.1-pyh9f0ad1d_0.tar.bz2#b2355343d6315c892543200231d7154a
https://conda.anaconda.org/conda-forge/noarch/importlib-metadata-6.1.0-pyha770c72_0.conda#30b3127c385ca2ed5ef87f3d53d466bc
https://conda.anaconda.org/conda-forge/noarch/jaraco.classes-3.2.3-pyhd8ed1ab_0.tar.bz2#31e4a1506968d017229bdb64695013a1
https://conda.anaconda.org/conda-forge/noarch/jinja2-3.1.2-pyhd8ed1ab_1.tar.bz2#c8490ed5c70966d232fdd389d0dbed37
https://conda.anaconda.org/conda-forge/win-64/lcms2-2.14-h90d422f_0.tar.bz2#a0deec92aa16fca7bf5a6717d05f88ee
https://conda.anaconda.org/conda-forge/win-64/libxcb-1.13-hcd874cb_1004.tar.bz2#a6d7fd030532378ecb6ba435cd9f8234
https://conda.anaconda.org/conda-forge/win-64/openjpeg-2.5.0-hc9384bd_1.tar.bz2#a6834096f8d834339eca7ef4d23bcc44
https://conda.anaconda.org/conda-forge/noarch/pefile-2023.2.7-pyhd8ed1ab_0.conda#0ed15c3f3065806423dc1c76918bb304
https://conda.anaconda.org/conda-forge/noarch/pip-23.0.1-pyhd8ed1ab_0.conda#8025ca83b8ba5430b640b83917c2a6f7
https://conda.anaconda.org/conda-forge/noarch/pysocks-1.7.1-pyh0701188_6.tar.bz2#56cd9fe388baac0e90c7149cfac95b60
https://conda.anaconda.org/conda-forge/win-64/ruamel.yaml-0.17.21-py310h8d17308_3.conda#3c57377fabb10c1ac947f4e39d09aef3
https://conda.anaconda.org/conda-forge/noarch/tomlkit-0.11.7-pyha770c72_0.conda#547d15e217a398578900787bf39ef01d
https://conda.anaconda.org/conda-forge/noarch/typing-extensions-4.5.0-hd8ed1ab_0.conda#b3c594fde1a80a1fc3eb9cc4a5dfe392
https://conda.anaconda.org/conda-forge/win-64/brotlipy-0.7.0-py310h8d17308_1005.tar.bz2#6cb010e0fa21d7b606a13038a89ccbc2
https://conda.anaconda.org/conda-forge/noarch/click-default-group-1.2.2-pyhd8ed1ab_1.tar.bz2#72a46ffc25701c173932fd55cf0965d3
https://conda.anaconda.org/conda-forge/win-64/cryptography-40.0.1-py310h6e82f81_0.conda#a282930b553a8d687efa2ae548bac522
https://conda.anaconda.org/conda-forge/noarch/importlib_metadata-6.1.0-hd8ed1ab_0.conda#90bab1d97fdb6bb40c8e00207bf222dc
https://conda.anaconda.org/conda-forge/win-64/leptonica-1.78.0-h688788b_4.tar.bz2#b900ed6902963badf81c367afe29cc4b
https://conda.anaconda.org/conda-forge/noarch/macholib-1.16.2-pyhd8ed1ab_0.tar.bz2#532dbceb2b5bdffa6ccaefd6b7314b08
https://conda.anaconda.org/conda-forge/win-64/pillow-9.2.0-py310hd4fb230_3.tar.bz2#96a1ddd65392fb64636dd8311f862e14
https://conda.anaconda.org/conda-forge/noarch/platformdirs-3.2.0-pyhd8ed1ab_0.conda#f10c2cf447ca96f12a326b83c75b8e33
https://conda.anaconda.org/conda-forge/win-64/pydantic-1.10.7-py310h8d17308_0.conda#441b1827fc8d9861c47cafb2b9264e35
https://conda.anaconda.org/conda-forge/win-64/keyring-23.13.1-py310h5588dad_0.conda#30210ff7bf71d7e193251e21d87f2838
https://conda.anaconda.org/conda-forge/win-64/pyinstaller-5.9.0-py310h35269f2_0.conda#504569a7bb673289530ce9b8a6a96c79
https://conda.anaconda.org/conda-forge/noarch/pyopenssl-23.1.1-pyhd8ed1ab_0.conda#0b34aa3ab7e7ccb1765a03dd9ed29938
https://conda.anaconda.org/conda-forge/noarch/pytesseract-0.3.10-pyhd8ed1ab_0.tar.bz2#04f4becceb0c032c5dbdae6ad18bd95e
https://conda.anaconda.org/conda-forge/win-64/tesseract-5.3.0-hcb5f61f_0.conda#612fb102992d1cb26b7bb4bb099dfeca
https://conda.anaconda.org/conda-forge/noarch/virtualenv-20.21.0-pyhd8ed1ab_0.conda#cb9a711f7c9f3074fe522e5a34481e60
https://conda.anaconda.org/conda-forge/noarch/urllib3-1.26.15-pyhd8ed1ab_0.conda#27db656619a55d727eaf5a6ece3d2fd6
https://conda.anaconda.org/conda-forge/noarch/requests-2.28.2-pyhd8ed1ab_1.conda#3bfbd6ead1d7299ed46dab3a7bf0bc8c
https://conda.anaconda.org/conda-forge/noarch/cachecontrol-0.12.11-pyhd8ed1ab_1.conda#e8f0410e0aa03342304357c5cc3bb75d
https://conda.anaconda.org/conda-forge/noarch/ensureconda-1.4.3-pyhd8ed1ab_0.tar.bz2#c99ae3abf501990769047b4b40a98f17
https://conda.anaconda.org/conda-forge/noarch/cachecontrol-with-filecache-0.12.11-pyhd8ed1ab_1.conda#9df660456c0076d27b802448f7ede78f
https://conda.anaconda.org/conda-forge/noarch/conda-lock-1.4.0-pyhd8ed1ab_2.conda#e9ecdfe3e7d4f76d67afd65b02a621a0
